{
  "name": "firebase web",
  "lockfileVersion": 3,
  "requires": true,
  "packages": {
    "": {
      "devDependencies": {
        "local-ip-url": "^1.0.7"
      }
    },
    "node_modules/local-ip-url": {
      "version": "1.0.7",
      "resolved": "https://registry.npmjs.org/local-ip-url/-/local-ip-url-1.0.7.tgz",
      "integrity": "sha512-TWrSS8+SZ6B8YGCG6IV1ANAKcg9qnKLqB0Wd9oNxZJFz2pseAXWnB41ULtk5gSzzi7C0LrA5MK2L5KmlHogqzw==",
      "dev": true
    }
  }
}
